# Generated for the declared CPython 3.12-3.14 Windows/Linux matrix.
# Install with: python -m pip install --require-hashes -r requirements-dev.lock
build==1.2.2.post1 \
    --hash=sha256:1d61c0887fa860c01971625baae8bdd338e517b836a2f70dd1f7aa3a6b2fc5b5
colorama==0.4.6 \
    --hash=sha256:4f1d9991f5acc0ca119f9d443620b77f9d6b33703e51011c16baf57afb285fc6
coverage==7.6.11 \
    --hash=sha256:f0f334ae844675420164175bf32b04e18a81fe57ad8eb7e0cfd4689d681ffed7
iniconfig==2.3.0 \
    --hash=sha256:f631c04d2c48c52b84d0d0549c99ff3859c98df65b3101406327ecc7d53fbf12
librt==0.15.0 \
    --hash=sha256:89cc46cfd15022e35084355478c9ac809d90b1152222706ac9a7655ec21df6fa \
    --hash=sha256:234d8d394721fa0d786af15ebf1f3fb7f3ed82fd1cd0cde45c2f247b5d4281d2 \
    --hash=sha256:d4c7bacb70930f3d0a56f4ecf1be474a1f0d941b01dd73b756f3c256d42cb879 \
    --hash=sha256:73b30cfa976659b3917c8f6153bdb0591c6a9ec6583599fd24a689b690622022 \
    --hash=sha256:f395a4a9a03ac062dbe9a9f82e0c720502e590a38feee6a757bc82e9c63afbd8 \
    --hash=sha256:3ff5893a2c23d886aa9ce786de5ac6ddc74aeeaf90743682b74d920e117d2e28
mypy==1.19.1 \
    --hash=sha256:c35d298c2c4bba75feb2195655dfea8124d855dfd7343bf8b8c055421eaf0cf8 \
    --hash=sha256:c9a6538e0415310aad77cb94004ca6482330fece18036b5f360b62c45814c4ef \
    --hash=sha256:28902ee51f12e0f19e1e16fbe2f8f06b6637f482c459dd393efddd0ec7f82045 \
    --hash=sha256:b10e7c2cd7870ba4ad9b2d8a6102eb5ffc1f16ca35e3de6bfa390c1113029d13 \
    --hash=sha256:016f2246209095e8eda7538944daa1d60e1e8134d98983b9fc1e92c1fc0cb8dd \
    --hash=sha256:8bb5c6f6d043655e055be9b542aa5f3bdd30e4f3589163e85f93f3640060509f
mypy_extensions==1.1.0 \
    --hash=sha256:1be4cccdb0f2482337c4743e60421de3a356cd97508abadd57d47403e94f5505
packaging==26.3 \
    --hash=sha256:d7193f7c8e4e93f444fde0262bf90af30e16fa0ad0ad44cb553c87339b23cd1c
pathspec==1.1.1 \
    --hash=sha256:a00ce642f577bf7f473932318056212bc4f8bfdf53128c78bbd5af0b9b20b189
pluggy==1.6.0 \
    --hash=sha256:e920276dd6813095e9377c0bc5566d94c932c33b27a3e3945d8389c374dd4746
pyproject_hooks==1.2.0 \
    --hash=sha256:9e5c6bfa8dcc30091c74b0cf803c81fdd29d94f01992a7707bc97babb1141913
pytest==8.3.5 \
    --hash=sha256:c69214aa47deac29fad6c2a4f590b9c4a9fdb16a403176fe154b79c0b4d4d820
ruff==0.14.14 \
    --hash=sha256:bb8481604b7a9e75eff53772496201690ce2687067e038b3cc31aaf16aa0b974 \
    --hash=sha256:3dde1435e6b6fe5b66506c1dff67a421d0b7f6488d466f651c07f4cab3bf20fd
setuptools==75.8.0 \
    --hash=sha256:e3982f444617239225d675215d51f6ba05f845d4eec313da4418fdbb56fb27e3
typing_extensions==4.16.0 \
    --hash=sha256:481caa481374e813c1b176ada14e97f1f67a4539ce9cfeb3f350d78d6370c2e8
wheel==0.45.1 \
    --hash=sha256:708e7481cc80179af0e556bbf0cc00b8444c7321e2700b8d8580231d13017248
